# THIS IS AN AUTOGENERATED FILE. DO NOT EDIT THIS FILE DIRECTLY.
# yarn lockfile v1


"@umm/animationevent_dispatcher@umm/animationevent_dispatcher#^1.0.0":
  version "1.4.1"
  resolved "https://codeload.github.com/umm/animationevent_dispatcher/tar.gz/351f7a017721cca50df709f86f2c44f57030c5b8"
  dependencies:
    "@umm/scripts" umm/scripts#^1.0.0
    "@umm/singleton_audiolistener" umm/singleton_audiolistener#^1.0.0
    "@umm/unirx" umm/unirx#^2.0.0

"@umm/cafu_core@umm/cafu_core#^3.0.0":
  version "3.0.0"
  resolved "https://codeload.github.com/umm/cafu_core/tar.gz/6dabb8acd8e92d11745caa5b33fe4183cb25c47c"
  dependencies:
    "@umm/scripts" umm/scripts#^1.0.0
    "@umm/unirx" umm/unirx#^2.0.0
    "@umm/unirx_observablelifecyclemonobehaviour" umm/unirx_observablelifecyclemonobehaviour#^1.0.0

"@umm/cafu_scene@umm/cafu_scene#^1.0.0":
  version "1.0.1"
  resolved "https://codeload.github.com/umm/cafu_scene/tar.gz/e7c8de174d750c51b014e1d862a59078f7b0f256"
  dependencies:
    "@umm/cafu_core" umm/cafu_core#^3.0.0
    "@umm/scripts" umm/scripts#^1.0.0
    "@umm/unirx" umm/unirx#^2.0.0
    "@umm/zenject" umm/zenject#^2.0.0

"@umm/extra_linq@umm/extra_linq#^1.0.0":
  version "1.2.1"
  resolved "https://codeload.github.com/umm/extra_linq/tar.gz/95da91186d202ceb246b093edea2c0a8d5fdf512"
  dependencies:
    "@umm/scripts" umm/scripts#^1.0.0

"@umm/moq@umm/moq#^1.0.0":
  version "1.0.0"
  resolved "https://codeload.github.com/umm/moq/tar.gz/5c3b47795a773b637a98e13c534236fb927a5bda"
  dependencies:
    "@umm/scripts" umm/scripts#^1.0.0

"@umm/scripts@umm/scripts#^1.0.0":
  version "1.3.6"
  resolved "https://codeload.github.com/umm/scripts/tar.gz/361d119fd6f4dfa578533e25eeae44102287bd4c"
  dependencies:
    glob "^7.1.2"
    ignore-walk "^3.0.1"
    mkdirp "^0.5.1"

"@umm/singleton_audiolistener@umm/singleton_audiolistener#^1.0.0":
  version "1.2.2"
  resolved "https://codeload.github.com/umm/singleton_audiolistener/tar.gz/aa7c0e12880cf9e98b70bb1f5cb04cb2b878dfb9"
  dependencies:
    "@umm/scripts" umm/scripts#^1.0.0

"@umm/singleton_eventsystem@umm/singleton_eventsystem#^1.0.0":
  version "1.2.2"
  resolved "https://codeload.github.com/umm/singleton_eventsystem/tar.gz/ea2a7daec15dee3d26ad4ebaf5bac44b82371431"
  dependencies:
    "@umm/scripts" umm/scripts#^1.0.0

"@umm/unirx@umm/unirx#^2.0.0":
  version "2.1.1"
  resolved "https://codeload.github.com/umm/unirx/tar.gz/74ac39b045cd9a12a5c8f99e1301abeff597348c"
  dependencies:
    "@umm/scripts" umm/scripts#^1.0.0

"@umm/unirx_observablelifecyclemonobehaviour@umm/unirx_observablelifecyclemonobehaviour#^1.0.0":
  version "1.2.1"
  resolved "https://codeload.github.com/umm/unirx_observablelifecyclemonobehaviour/tar.gz/8bcf6586ad25683856cb259dae72a723cf05bc5d"
  dependencies:
    "@umm/scripts" umm/scripts#^1.0.0
    "@umm/unirx" umm/unirx#^2.0.0

"@umm/zenject@umm/zenject#^2.0.0":
  version "2.1.1"
  resolved "https://codeload.github.com/umm/zenject/tar.gz/d21ab2e6454577af81f29e4d4a89ae0397bfe724"
  dependencies:
    "@umm/moq" umm/moq#^1.0.0
    "@umm/scripts" umm/scripts#^1.0.0

"@umm/zenject_uiscene@umm/zenject_uiscene#^1.0.0":
  version "1.0.0"
  resolved "https://codeload.github.com/umm/zenject_uiscene/tar.gz/933648b1d960142e0d5316a3c0b6f2184ac47381"
  dependencies:
    "@umm/scripts" umm/scripts#^1.0.0
    "@umm/zenject" umm/zenject#^2.0.0

balanced-match@^1.0.0:
  version "1.0.0"
  resolved "https://registry.yarnpkg.com/balanced-match/-/balanced-match-1.0.0.tgz#89b4d199ab2bee49de164ea02b89ce462d71b767"

brace-expansion@^1.1.7:
  version "1.1.11"
  resolved "https://registry.yarnpkg.com/brace-expansion/-/brace-expansion-1.1.11.tgz#3c7fcbf529d87226f3d2f52b966ff5271eb441dd"
  dependencies:
    balanced-match "^1.0.0"
    concat-map "0.0.1"

concat-map@0.0.1:
  version "0.0.1"
  resolved "https://registry.yarnpkg.com/concat-map/-/concat-map-0.0.1.tgz#d8a96bd77fd68df7793a73036a3ba0d5405d477b"

fs.realpath@^1.0.0:
  version "1.0.0"
  resolved "https://registry.yarnpkg.com/fs.realpath/-/fs.realpath-1.0.0.tgz#1504ad2523158caa40db4a2787cb01411994ea4f"

glob@^7.1.2:
  version "7.1.2"
  resolved "https://registry.yarnpkg.com/glob/-/glob-7.1.2.tgz#c19c9df9a028702d678612384a6552404c636d15"
  dependencies:
    fs.realpath "^1.0.0"
    inflight "^1.0.4"
    inherits "2"
    minimatch "^3.0.4"
    once "^1.3.0"
    path-is-absolute "^1.0.0"

ignore-walk@^3.0.1:
  version "3.0.1"
  resolved "https://registry.yarnpkg.com/ignore-walk/-/ignore-walk-3.0.1.tgz#a83e62e7d272ac0e3b551aaa82831a19b69f82f8"
  dependencies:
    minimatch "^3.0.4"

inflight@^1.0.4:
  version "1.0.6"
  resolved "https://registry.yarnpkg.com/inflight/-/inflight-1.0.6.tgz#49bd6331d7d02d0c09bc910a1075ba8165b56df9"
  dependencies:
    once "^1.3.0"
    wrappy "1"

inherits@2:
  version "2.0.3"
  resolved "https://registry.yarnpkg.com/inherits/-/inherits-2.0.3.tgz#633c2c83e3da42a502f52466022480f4208261de"

minimatch@^3.0.4:
  version "3.0.4"
  resolved "https://registry.yarnpkg.com/minimatch/-/minimatch-3.0.4.tgz#5166e286457f03306064be5497e8dbb0c3d32083"
  dependencies:
    brace-expansion "^1.1.7"

minimist@0.0.8:
  version "0.0.8"
  resolved "https://registry.yarnpkg.com/minimist/-/minimist-0.0.8.tgz#857fcabfc3397d2625b8228262e86aa7a011b05d"

mkdirp@^0.5.1:
  version "0.5.1"
  resolved "https://registry.yarnpkg.com/mkdirp/-/mkdirp-0.5.1.tgz#30057438eac6cf7f8c4767f38648d6697d75c903"
  dependencies:
    minimist "0.0.8"

once@^1.3.0:
  version "1.4.0"
  resolved "https://registry.yarnpkg.com/once/-/once-1.4.0.tgz#583b1aa775961d4b113ac17d9c50baef9dd76bd1"
  dependencies:
    wrappy "1"

path-is-absolute@^1.0.0:
  version "1.0.1"
  resolved "https://registry.yarnpkg.com/path-is-absolute/-/path-is-absolute-1.0.1.tgz#174b9268735534ffbc7ace6bf53a5a9e1b5c5f5f"

wrappy@1:
  version "1.0.2"
  resolved "https://registry.yarnpkg.com/wrappy/-/wrappy-1.0.2.tgz#b5243d8f3ec1aa35f1364605bc0d1036e30ab69f"
